// !$*UTF8*$!
{
	archiveVersion = 1;
	classes = {
	};
	objectVersion = 55;
	objects = {

/* Begin PBXBuildFile section */
		272A39B127DA10C5003F9180 /* UserDefault.swift in Sources */ = {isa = PBXBuildFile; fileRef = 272A39B027DA10C5003F9180 /* UserDefault.swift */; };
		272A39B427DA224E003F9180 /* SearchViewController.swift in Sources */ = {isa = PBXBuildFile; fileRef = 272A39B327DA224E003F9180 /* SearchViewController.swift */; };
		272A39B627DA23A5003F9180 /* SearchViewControllerView.swift in Sources */ = {isa = PBXBuildFile; fileRef = 272A39B527DA23A5003F9180 /* SearchViewControllerView.swift */; };
		272A39B827DA2B4D003F9180 /* SearchViewModel.swift in Sources */ = {isa = PBXBuildFile; fileRef = 272A39B727DA2B4D003F9180 /* SearchViewModel.swift */; };
		27E6C49627D0B3CA005965F6 /* AppDelegate.swift in Sources */ = {isa = PBXBuildFile; fileRef = 27E6C49527D0B3CA005965F6 /* AppDelegate.swift */; };
		27E6C49A27D0B3CA005965F6 /* WeatherViewController.swift in Sources */ = {isa = PBXBuildFile; fileRef = 27E6C49927D0B3CA005965F6 /* WeatherViewController.swift */; };
		27E6C49F27D0B3D2005965F6 /* Assets.xcassets in Resources */ = {isa = PBXBuildFile; fileRef = 27E6C49E27D0B3D2005965F6 /* Assets.xcassets */; };
		27E6C4A227D0B3D2005965F6 /* LaunchScreen.storyboard in Resources */ = {isa = PBXBuildFile; fileRef = 27E6C4A027D0B3D2005965F6 /* LaunchScreen.storyboard */; };
		27E6C4AB27D0C6D5005965F6 /* WeatherCell.swift in Sources */ = {isa = PBXBuildFile; fileRef = 27E6C4A927D0C6D5005965F6 /* WeatherCell.swift */; };
		27E6C4AC27D0C6D5005965F6 /* WeatherCell.xib in Resources */ = {isa = PBXBuildFile; fileRef = 27E6C4AA27D0C6D5005965F6 /* WeatherCell.xib */; };
		27E6C4B627D0CB47005965F6 /* SnapKit in Frameworks */ = {isa = PBXBuildFile; productRef = 27E6C4B527D0CB47005965F6 /* SnapKit */; };
		27E6C4DB27D2075D005965F6 /* ViewController+Extension.swift in Sources */ = {isa = PBXBuildFile; fileRef = 27E6C4DA27D2075D005965F6 /* ViewController+Extension.swift */; };
		27E6C4DE27D21228005965F6 /* NetworkManager.swift in Sources */ = {isa = PBXBuildFile; fileRef = 27E6C4DD27D21228005965F6 /* NetworkManager.swift */; };
		27E6C4E127D21251005965F6 /* WeatherData.swift in Sources */ = {isa = PBXBuildFile; fileRef = 27E6C4E027D21251005965F6 /* WeatherData.swift */; };
		27E6C4E327D2125D005965F6 /* WeatherModel.swift in Sources */ = {isa = PBXBuildFile; fileRef = 27E6C4E227D2125D005965F6 /* WeatherModel.swift */; };
		27E6C4E627D2143C005965F6 /* WeatherManager.swift in Sources */ = {isa = PBXBuildFile; fileRef = 27E6C4E527D2143C005965F6 /* WeatherManager.swift */; };
		27E6C4E827D226DB005965F6 /* WeatherViewModel.swift in Sources */ = {isa = PBXBuildFile; fileRef = 27E6C4E727D226DB005965F6 /* WeatherViewModel.swift */; };
		27E6C4EA27D23F57005965F6 /* URL+Extension.swift in Sources */ = {isa = PBXBuildFile; fileRef = 27E6C4E927D23F57005965F6 /* URL+Extension.swift */; };
/* End PBXBuildFile section */

/* Begin PBXFileReference section */
		272A39B027DA10C5003F9180 /* UserDefault.swift */ = {isa = PBXFileReference; lastKnownFileType = sourcecode.swift; path = UserDefault.swift; sourceTree = "<group>"; };
		272A39B327DA224E003F9180 /* SearchViewController.swift */ = {isa = PBXFileReference; lastKnownFileType = sourcecode.swift; path = SearchViewController.swift; sourceTree = "<group>"; };
		272A39B527DA23A5003F9180 /* SearchViewControllerView.swift */ = {isa = PBXFileReference; lastKnownFileType = sourcecode.swift; path = SearchViewControllerView.swift; sourceTree = "<group>"; };
		272A39B727DA2B4D003F9180 /* SearchViewModel.swift */ = {isa = PBXFileReference; lastKnownFileType = sourcecode.swift; path = SearchViewModel.swift; sourceTree = "<group>"; };
		27E6C49227D0B3CA005965F6 /* WeatherApplication.app */ = {isa = PBXFileReference; explicitFileType = wrapper.application; includeInIndex = 0; path = WeatherApplication.app; sourceTree = BUILT_PRODUCTS_DIR; };
		27E6C49527D0B3CA005965F6 /* AppDelegate.swift */ = {isa = PBXFileReference; lastKnownFileType = sourcecode.swift; path = AppDelegate.swift; sourceTree = "<group>"; };
		27E6C49927D0B3CA005965F6 /* WeatherViewController.swift */ = {isa = PBXFileReference; lastKnownFileType = sourcecode.swift; path = WeatherViewController.swift; sourceTree = "<group>"; };
		27E6C49E27D0B3D2005965F6 /* Assets.xcassets */ = {isa = PBXFileReference; lastKnownFileType = folder.assetcatalog; path = Assets.xcassets; sourceTree = "<group>"; };
		27E6C4A127D0B3D2005965F6 /* Base */ = {isa = PBXFileReference; lastKnownFileType = file.storyboard; name = Base; path = Base.lproj/LaunchScreen.storyboard; sourceTree = "<group>"; };
		27E6C4A327D0B3D2005965F6 /* Info.plist */ = {isa = PBXFileReference; lastKnownFileType = text.plist.xml; path = Info.plist; sourceTree = "<group>"; };
		27E6C4A927D0C6D5005965F6 /* WeatherCell.swift */ = {isa = PBXFileReference; lastKnownFileType = sourcecode.swift; path = WeatherCell.swift; sourceTree = "<group>"; };
		27E6C4AA27D0C6D5005965F6 /* WeatherCell.xib */ = {isa = PBXFileReference; lastKnownFileType = file.xib; path = WeatherCell.xib; sourceTree = "<group>"; };
		27E6C4DA27D2075D005965F6 /* ViewController+Extension.swift */ = {isa = PBXFileReference; lastKnownFileType = sourcecode.swift; path = "ViewController+Extension.swift"; sourceTree = "<group>"; };
		27E6C4DD27D21228005965F6 /* NetworkManager.swift */ = {isa = PBXFileReference; lastKnownFileType = sourcecode.swift; path = NetworkManager.swift; sourceTree = "<group>"; };
		27E6C4E027D21251005965F6 /* WeatherData.swift */ = {isa = PBXFileReference; lastKnownFileType = sourcecode.swift; path = WeatherData.swift; sourceTree = "<group>"; };
		27E6C4E227D2125D005965F6 /* WeatherModel.swift */ = {isa = PBXFileReference; lastKnownFileType = sourcecode.swift; path = WeatherModel.swift; sourceTree = "<group>"; };
		27E6C4E527D2143C005965F6 /* WeatherManager.swift */ = {isa = PBXFileReference; lastKnownFileType = sourcecode.swift; path = WeatherManager.swift; sourceTree = "<group>"; };
		27E6C4E727D226DB005965F6 /* WeatherViewModel.swift */ = {isa = PBXFileReference; lastKnownFileType = sourcecode.swift; path = WeatherViewModel.swift; sourceTree = "<group>"; };
		27E6C4E927D23F57005965F6 /* URL+Extension.swift */ = {isa = PBXFileReference; lastKnownFileType = sourcecode.swift; path = "URL+Extension.swift"; sourceTree = "<group>"; };
/* End PBXFileReference section */

/* Begin PBXFrameworksBuildPhase section */
		27E6C48F27D0B3C9005965F6 /* Frameworks */ = {
			isa = PBXFrameworksBuildPhase;
			buildActionMask = 2147483647;
			files = (
				27E6C4B627D0CB47005965F6 /* SnapKit in Frameworks */,
			);
			runOnlyForDeploymentPostprocessing = 0;
		};
/* End PBXFrameworksBuildPhase section */

/* Begin PBXGroup section */
		272A39B227DA2224003F9180 /* SearchViewController */ = {
			isa = PBXGroup;
			children = (
				272A39B327DA224E003F9180 /* SearchViewController.swift */,
				272A39B727DA2B4D003F9180 /* SearchViewModel.swift */,
			);
			path = SearchViewController;
			sourceTree = "<group>";
		};
		272A39B927DA53D2003F9180 /* SearchViewController */ = {
			isa = PBXGroup;
			children = (
				272A39B527DA23A5003F9180 /* SearchViewControllerView.swift */,
			);
			path = SearchViewController;
			sourceTree = "<group>";
		};
		272A39BA27DA53E2003F9180 /* WeatherCell */ = {
			isa = PBXGroup;
			children = (
				27E6C4A927D0C6D5005965F6 /* WeatherCell.swift */,
				27E6C4AA27D0C6D5005965F6 /* WeatherCell.xib */,
			);
			path = WeatherCell;
			sourceTree = "<group>";
		};
		27E6C48927D0B3C9005965F6 = {
			isa = PBXGroup;
			children = (
				27E6C49427D0B3CA005965F6 /* WeatherApplication */,
				27E6C49327D0B3CA005965F6 /* Products */,
			);
			sourceTree = "<group>";
		};
		27E6C49327D0B3CA005965F6 /* Products */ = {
			isa = PBXGroup;
			children = (
				27E6C49227D0B3CA005965F6 /* WeatherApplication.app */,
			);
			name = Products;
			sourceTree = "<group>";
		};
		27E6C49427D0B3CA005965F6 /* WeatherApplication */ = {
			isa = PBXGroup;
			children = (
				27E6C49527D0B3CA005965F6 /* AppDelegate.swift */,
				27E6C4AD27D0C9F9005965F6 /* WeatherViewController */,
				272A39B227DA2224003F9180 /* SearchViewController */,
				27E6C4AE27D0CA11005965F6 /* Views */,
				27E6C4DF27D21237005965F6 /* Model */,
				27E6C4DC27D2120C005965F6 /* Networking */,
				27E6C4D927D2072E005965F6 /* Extensions */,
				27E6C4E427D21428005965F6 /* WeatherManager */,
				27E6C4AF27D0CA61005965F6 /* SupportingFiles */,
				27E6C4A327D0B3D2005965F6 /* Info.plist */,
			);
			path = WeatherApplication;
			sourceTree = "<group>";
		};
		27E6C4AD27D0C9F9005965F6 /* WeatherViewController */ = {
			isa = PBXGroup;
			children = (
				27E6C49927D0B3CA005965F6 /* WeatherViewController.swift */,
				27E6C4E727D226DB005965F6 /* WeatherViewModel.swift */,
			);
			path = WeatherViewController;
			sourceTree = "<group>";
		};
		27E6C4AE27D0CA11005965F6 /* Views */ = {
			isa = PBXGroup;
			children = (
				272A39B927DA53D2003F9180 /* SearchViewController */,
				272A39BA27DA53E2003F9180 /* WeatherCell */,
			);
			path = Views;
			sourceTree = "<group>";
		};
		27E6C4AF27D0CA61005965F6 /* SupportingFiles */ = {
			isa = PBXGroup;
			children = (
				272A39B027DA10C5003F9180 /* UserDefault.swift */,
				27E6C4A027D0B3D2005965F6 /* LaunchScreen.storyboard */,
				27E6C49E27D0B3D2005965F6 /* Assets.xcassets */,
			);
			path = SupportingFiles;
			sourceTree = "<group>";
		};
		27E6C4D927D2072E005965F6 /* Extensions */ = {
			isa = PBXGroup;
			children = (
				27E6C4DA27D2075D005965F6 /* ViewController+Extension.swift */,
				27E6C4E927D23F57005965F6 /* URL+Extension.swift */,
			);
			path = Extensions;
			sourceTree = "<group>";
		};
		27E6C4DC27D2120C005965F6 /* Networking */ = {
			isa = PBXGroup;
			children = (
				27E6C4DD27D21228005965F6 /* NetworkManager.swift */,
			);
			path = Networking;
			sourceTree = "<group>";
		};
		27E6C4DF27D21237005965F6 /* Model */ = {
			isa = PBXGroup;
			children = (
				27E6C4E027D21251005965F6 /* WeatherData.swift */,
				27E6C4E227D2125D005965F6 /* WeatherModel.swift */,
			);
			path = Model;
			sourceTree = "<group>";
		};
		27E6C4E427D21428005965F6 /* WeatherManager */ = {
			isa = PBXGroup;
			children = (
				27E6C4E527D2143C005965F6 /* WeatherManager.swift */,
			);
			path = WeatherManager;
			sourceTree = "<group>";
		};
/* End PBXGroup section */

/* Begin PBXNativeTarget section */
		27E6C49127D0B3C9005965F6 /* WeatherApplication */ = {
			isa = PBXNativeTarget;
			buildConfigurationList = 27E6C4A627D0B3D2005965F6 /* Build configuration list for PBXNativeTarget "WeatherApplication" */;
			buildPhases = (
				27E6C48E27D0B3C9005965F6 /* Sources */,
				27E6C48F27D0B3C9005965F6 /* Frameworks */,
				27E6C49027D0B3C9005965F6 /* Resources */,
			);
			buildRules = (
			);
			dependencies = (
			);
			name = WeatherApplication;
			packageProductDependencies = (
				27E6C4B527D0CB47005965F6 /* SnapKit */,
			);
			productName = WeatherApplication;
			productReference = 27E6C49227D0B3CA005965F6 /* WeatherApplication.app */;
			productType = "com.apple.product-type.application";
		};
/* End PBXNativeTarget section */

/* Begin PBXProject section */
		27E6C48A27D0B3C9005965F6 /* Project object */ = {
			isa = PBXProject;
			attributes = {
				BuildIndependentTargetsInParallel = 1;
				LastSwiftUpdateCheck = 1320;
				LastUpgradeCheck = 1320;
				TargetAttributes = {
					27E6C49127D0B3C9005965F6 = {
						CreatedOnToolsVersion = 13.2.1;
					};
				};
			};
			buildConfigurationList = 27E6C48D27D0B3C9005965F6 /* Build configuration list for PBXProject "WeatherApplication" */;
			compatibilityVersion = "Xcode 13.0";
			developmentRegion = en;
			hasScannedForEncodings = 0;
			knownRegions = (
				en,
				Base,
			);
			mainGroup = 27E6C48927D0B3C9005965F6;
			packageReferences = (
				27E6C4B427D0CB47005965F6 /* XCRemoteSwiftPackageReference "SnapKit" */,
			);
			productRefGroup = 27E6C49327D0B3CA005965F6 /* Products */;
			projectDirPath = "";
			projectRoot = "";
			targets = (
				27E6C49127D0B3C9005965F6 /* WeatherApplication */,
			);
		};
/* End PBXProject section */

/* Begin PBXResourcesBuildPhase section */
		27E6C49027D0B3C9005965F6 /* Resources */ = {
			isa = PBXResourcesBuildPhase;
			buildActionMask = 2147483647;
			files = (
				27E6C4A227D0B3D2005965F6 /* LaunchScreen.storyboard in Resources */,
				27E6C49F27D0B3D2005965F6 /* Assets.xcassets in Resources */,
				27E6C4AC27D0C6D5005965F6 /* WeatherCell.xib in Resources */,
			);
			runOnlyForDeploymentPostprocessing = 0;
		};
/* End PBXResourcesBuildPhase section */

/* Begin PBXSourcesBuildPhase section */
		27E6C48E27D0B3C9005965F6 /* Sources */ = {
			isa = PBXSourcesBuildPhase;
			buildActionMask = 2147483647;
			files = (
				27E6C49A27D0B3CA005965F6 /* WeatherViewController.swift in Sources */,
				27E6C4E827D226DB005965F6 /* WeatherViewModel.swift in Sources */,
				27E6C4DB27D2075D005965F6 /* ViewController+Extension.swift in Sources */,
				272A39B627DA23A5003F9180 /* SearchViewControllerView.swift in Sources */,
				27E6C4E627D2143C005965F6 /* WeatherManager.swift in Sources */,
				272A39B827DA2B4D003F9180 /* SearchViewModel.swift in Sources */,
				27E6C4DE27D21228005965F6 /* NetworkManager.swift in Sources */,
				27E6C4EA27D23F57005965F6 /* URL+Extension.swift in Sources */,
				27E6C4E327D2125D005965F6 /* WeatherModel.swift in Sources */,
				272A39B427DA224E003F9180 /* SearchViewController.swift in Sources */,
				272A39B127DA10C5003F9180 /* UserDefault.swift in Sources */,
				27E6C49627D0B3CA005965F6 /* AppDelegate.swift in Sources */,
				27E6C4E127D21251005965F6 /* WeatherData.swift in Sources */,
				27E6C4AB27D0C6D5005965F6 /* WeatherCell.swift in Sources */,
			);
			runOnlyForDeploymentPostprocessing = 0;
		};
/* End PBXSourcesBuildPhase section */

/* Begin PBXVariantGroup section */
		27E6C4A027D0B3D2005965F6 /* LaunchScreen.storyboard */ = {
			isa = PBXVariantGroup;
			children = (
				27E6C4A127D0B3D2005965F6 /* Base */,
			);
			name = LaunchScreen.storyboard;
			sourceTree = "<group>";
		};
/* End PBXVariantGroup section */

/* Begin XCBuildConfiguration section */
		27E6C4A427D0B3D2005965F6 /* Debug */ = {
			isa = XCBuildConfiguration;
			buildSettings = {
				ALWAYS_SEARCH_USER_PATHS = NO;
				CLANG_ANALYZER_NONNULL = YES;
				CLANG_ANALYZER_NUMBER_OBJECT_CONVERSION = YES_AGGRESSIVE;
				CLANG_CXX_LANGUAGE_STANDARD = "gnu++17";
				CLANG_CXX_LIBRARY = "libc++";
				CLANG_ENABLE_MODULES = YES;
				CLANG_ENABLE_OBJC_ARC = YES;
				CLANG_ENABLE_OBJC_WEAK = YES;
				CLANG_WARN_BLOCK_CAPTURE_AUTORELEASING = YES;
				CLANG_WARN_BOOL_CONVERSION = YES;
				CLANG_WARN_COMMA = YES;
				CLANG_WARN_CONSTANT_CONVERSION = YES;
				CLANG_WARN_DEPRECATED_OBJC_IMPLEMENTATIONS = YES;
				CLANG_WARN_DIRECT_OBJC_ISA_USAGE = YES_ERROR;
				CLANG_WARN_DOCUMENTATION_COMMENTS = YES;
				CLANG_WARN_EMPTY_BODY = YES;
				CLANG_WARN_ENUM_CONVERSION = YES;
				CLANG_WARN_INFINITE_RECURSION = YES;
				CLANG_WARN_INT_CONVERSION = YES;
				CLANG_WARN_NON_LITERAL_NULL_CONVERSION = YES;
				CLANG_WARN_OBJC_IMPLICIT_RETAIN_SELF = YES;
				CLANG_WARN_OBJC_LITERAL_CONVERSION = YES;
				CLANG_WARN_OBJC_ROOT_CLASS = YES_ERROR;
				CLANG_WARN_QUOTED_INCLUDE_IN_FRAMEWORK_HEADER = YES;
				CLANG_WARN_RANGE_LOOP_ANALYSIS = YES;
				CLANG_WARN_STRICT_PROTOTYPES = YES;
				CLANG_WARN_SUSPICIOUS_MOVE = YES;
				CLANG_WARN_UNGUARDED_AVAILABILITY = YES_AGGRESSIVE;
				CLANG_WARN_UNREACHABLE_CODE = YES;
				CLANG_WARN__DUPLICATE_METHOD_MATCH = YES;
				COPY_PHASE_STRIP = NO;
				DEBUG_INFORMATION_FORMAT = dwarf;
				ENABLE_STRICT_OBJC_MSGSEND = YES;
				ENABLE_TESTABILITY = YES;
				GCC_C_LANGUAGE_STANDARD = gnu11;
				GCC_DYNAMIC_NO_PIC = NO;
				GCC_NO_COMMON_BLOCKS = YES;
				GCC_OPTIMIZATION_LEVEL = 0;
				GCC_PREPROCESSOR_DEFINITIONS = (
					"DEBUG=1",
					"$(inherited)",
				);
				GCC_WARN_64_TO_32_BIT_CONVERSION = YES;
				GCC_WARN_ABOUT_RETURN_TYPE = YES_ERROR;
				GCC_WARN_UNDECLARED_SELECTOR = YES;
				GCC_WARN_UNINITIALIZED_AUTOS = YES_AGGRESSIVE;
				GCC_WARN_UNUSED_FUNCTION = YES;
				GCC_WARN_UNUSED_VARIABLE = YES;
				IPHONEOS_DEPLOYMENT_TARGET = 15.2;
				MTL_ENABLE_DEBUG_INFO = INCLUDE_SOURCE;
				MTL_FAST_MATH = YES;
				ONLY_ACTIVE_ARCH = YES;
				SDKROOT = iphoneos;
				SWIFT_ACTIVE_COMPILATION_CONDITIONS = DEBUG;
				SWIFT_OPTIMIZATION_LEVEL = "-Onone";
			};
			name = Debug;
		};
		27E6C4A527D0B3D2005965F6 /* Release */ = {
			isa = XCBuildConfiguration;
			buildSettings = {
				ALWAYS_SEARCH_USER_PATHS = NO;
				CLANG_ANALYZER_NONNULL = YES;
				CLANG_ANALYZER_NUMBER_OBJECT_CONVERSION = YES_AGGRESSIVE;
				CLANG_CXX_LANGUAGE_STANDARD = "gnu++17";
				CLANG_CXX_LIBRARY = "libc++";
				CLANG_ENABLE_MODULES = YES;
				CLANG_ENABLE_OBJC_ARC = YES;
				CLANG_ENABLE_OBJC_WEAK = YES;
				CLANG_WARN_BLOCK_CAPTURE_AUTORELEASING = YES;
				CLANG_WARN_BOOL_CONVERSION = YES;
				CLANG_WARN_COMMA = YES;
				CLANG_WARN_CONSTANT_CONVERSION = YES;
				CLANG_WARN_DEPRECATED_OBJC_IMPLEMENTATIONS = YES;
				CLANG_WARN_DIRECT_OBJC_ISA_USAGE = YES_ERROR;
				CLANG_WARN_DOCUMENTATION_COMMENTS = YES;
				CLANG_WARN_EMPTY_BODY = YES;
				CLANG_WARN_ENUM_CONVERSION = YES;
				CLANG_WARN_INFINITE_RECURSION = YES;
				CLANG_WARN_INT_CONVERSION = YES;
				CLANG_WARN_NON_LITERAL_NULL_CONVERSION = YES;
				CLANG_WARN_OBJC_IMPLICIT_RETAIN_SELF = YES;
				CLANG_WARN_OBJC_LITERAL_CONVERSION = YES;
				CLANG_WARN_OBJC_ROOT_CLASS = YES_ERROR;
				CLANG_WARN_QUOTED_INCLUDE_IN_FRAMEWORK_HEADER = YES;
				CLANG_WARN_RANGE_LOOP_ANALYSIS = YES;
				CLANG_WARN_STRICT_PROTOTYPES = YES;
				CLANG_WARN_SUSPICIOUS_MOVE = YES;
				CLANG_WARN_UNGUARDED_AVAILABILITY = YES_AGGRESSIVE;
				CLANG_WARN_UNREACHABLE_CODE = YES;
				CLANG_WARN__DUPLICATE_METHOD_MATCH = YES;
				COPY_PHASE_STRIP = NO;
				DEBUG_INFORMATION_FORMAT = "dwarf-with-dsym";
				ENABLE_NS_ASSERTIONS = NO;
				ENABLE_STRICT_OBJC_MSGSEND = YES;
				GCC_C_LANGUAGE_STANDARD = gnu11;
				GCC_NO_COMMON_BLOCKS = YES;
				GCC_WARN_64_TO_32_BIT_CONVERSION = YES;
				GCC_WARN_ABOUT_RETURN_TYPE = YES_ERROR;
				GCC_WARN_UNDECLARED_SELECTOR = YES;
				GCC_WARN_UNINITIALIZED_AUTOS = YES_AGGRESSIVE;
				GCC_WARN_UNUSED_FUNCTION = YES;
				GCC_WARN_UNUSED_VARIABLE = YES;
				IPHONEOS_DEPLOYMENT_TARGET = 15.2;
				MTL_ENABLE_DEBUG_INFO = NO;
				MTL_FAST_MATH = YES;
				SDKROOT = iphoneos;
				SWIFT_COMPILATION_MODE = wholemodule;
				SWIFT_OPTIMIZATION_LEVEL = "-O";
				VALIDATE_PRODUCT = YES;
			};
			name = Release;
		};
		27E6C4A727D0B3D2005965F6 /* Debug */ = {
			isa = XCBuildConfiguration;
			buildSettings = {
				ASSETCATALOG_COMPILER_APPICON_NAME = AppIcon;
				ASSETCATALOG_COMPILER_GLOBAL_ACCENT_COLOR_NAME = AccentColor;
				CODE_SIGN_STYLE = Automatic;
				CURRENT_PROJECT_VERSION = 1;
				DEVELOPMENT_TEAM = 89YN5XG8R7;
				GENERATE_INFOPLIST_FILE = YES;
				INFOPLIST_FILE = WeatherApplication/Info.plist;
				INFOPLIST_KEY_UIApplicationSupportsIndirectInputEvents = YES;
				INFOPLIST_KEY_UILaunchStoryboardName = LaunchScreen;
				INFOPLIST_KEY_UISupportedInterfaceOrientations_iPad = "UIInterfaceOrientationPortrait UIInterfaceOrientationPortraitUpsideDown UIInterfaceOrientationLandscapeLeft UIInterfaceOrientationLandscapeRight";
				INFOPLIST_KEY_UISupportedInterfaceOrientations_iPhone = "UIInterfaceOrientationPortrait UIInterfaceOrientationLandscapeLeft UIInterfaceOrientationLandscapeRight";
				LD_RUNPATH_SEARCH_PATHS = (
					"$(inherited)",
					"@executable_path/Frameworks",
				);
				MARKETING_VERSION = 1.0;
				PRODUCT_BUNDLE_IDENTIFIER = deniss.lobacs.WeatherApplication;
				PRODUCT_NAME = "$(TARGET_NAME)";
				SWIFT_EMIT_LOC_STRINGS = YES;
				SWIFT_VERSION = 5.0;
				TARGETED_DEVICE_FAMILY = "1,2";
			};
			name = Debug;
		};
		27E6C4A827D0B3D2005965F6 /* Release */ = {
			isa = XCBuildConfiguration;
			buildSettings = {
				ASSETCATALOG_COMPILER_APPICON_NAME = AppIcon;
				ASSETCATALOG_COMPILER_GLOBAL_ACCENT_COLOR_NAME = AccentColor;
				CODE_SIGN_STYLE = Automatic;
				CURRENT_PROJECT_VERSION = 1;
				DEVELOPMENT_TEAM = 89YN5XG8R7;
				GENERATE_INFOPLIST_FILE = YES;
				INFOPLIST_FILE = WeatherApplication/Info.plist;
				INFOPLIST_KEY_UIApplicationSupportsIndirectInputEvents = YES;
				INFOPLIST_KEY_UILaunchStoryboardName = LaunchScreen;
				INFOPLIST_KEY_UISupportedInterfaceOrientations_iPad = "UIInterfaceOrientationPortrait UIInterfaceOrientationPortraitUpsideDown UIInterfaceOrientationLandscapeLeft UIInterfaceOrientationLandscapeRight";
				INFOPLIST_KEY_UISupportedInterfaceOrientations_iPhone = "UIInterfaceOrientationPortrait UIInterfaceOrientationLandscapeLeft UIInterfaceOrientationLandscapeRight";
				LD_RUNPATH_SEARCH_PATHS = (
					"$(inherited)",
					"@executable_path/Frameworks",
				);
				MARKETING_VERSION = 1.0;
				PRODUCT_BUNDLE_IDENTIFIER = deniss.lobacs.WeatherApplication;
				PRODUCT_NAME = "$(TARGET_NAME)";
				SWIFT_EMIT_LOC_STRINGS = YES;
				SWIFT_VERSION = 5.0;
				TARGETED_DEVICE_FAMILY = "1,2";
			};
			name = Release;
		};
/* End XCBuildConfiguration section */

/* Begin XCConfigurationList section */
		27E6C48D27D0B3C9005965F6 /* Build configuration list for PBXProject "WeatherApplication" */ = {
			isa = XCConfigurationList;
			buildConfigurations = (
				27E6C4A427D0B3D2005965F6 /* Debug */,
				27E6C4A527D0B3D2005965F6 /* Release */,
			);
			defaultConfigurationIsVisible = 0;
			defaultConfigurationName = Release;
		};
		27E6C4A627D0B3D2005965F6 /* Build configuration list for PBXNativeTarget "WeatherApplication" */ = {
			isa = XCConfigurationList;
			buildConfigurations = (
				27E6C4A727D0B3D2005965F6 /* Debug */,
				27E6C4A827D0B3D2005965F6 /* Release */,
			);
			defaultConfigurationIsVisible = 0;
			defaultConfigurationName = Release;
		};
/* End XCConfigurationList section */

/* Begin XCRemoteSwiftPackageReference section */
		27E6C4B427D0CB47005965F6 /* XCRemoteSwiftPackageReference "SnapKit" */ = {
			isa = XCRemoteSwiftPackageReference;
			repositoryURL = "https://github.com/SnapKit/SnapKit";
			requirement = {
				branch = develop;
				kind = branch;
			};
		};
/* End XCRemoteSwiftPackageReference section */

/* Begin XCSwiftPackageProductDependency section */
		27E6C4B527D0CB47005965F6 /* SnapKit */ = {
			isa = XCSwiftPackageProductDependency;
			package = 27E6C4B427D0CB47005965F6 /* XCRemoteSwiftPackageReference "SnapKit" */;
			productName = SnapKit;
		};
/* End XCSwiftPackageProductDependency section */
	};
	rootObject = 27E6C48A27D0B3C9005965F6 /* Project object */;
}
